
Microsoft Visual Studio Solution File, Format Version 12.00
# Visual Studio 15
VisualStudioVersion = 15.0.26228.12
MinimumVisualStudioVersion = 10.0.40219.1
Project("{FAE04EC0-301F-11D3-BF4B-00C04F79EFBC}") = "GoogleAuth.Android", "GoogleAuth\GoogleAuth.Android\GoogleAuth.Android.csproj", "{4609719C-BE7E-4DDC-9E07-4591F96990FC}"
EndProject
Project("{FAE04EC0-301F-11D3-BF4B-00C04F79EFBC}") = "GoogleAuth", "GoogleAuth\GoogleAuth\GoogleAuth.csproj", "{28F04FB2-BF01-417B-A5F8-7945C50B7848}"
EndProject
Project("{FAE04EC0-301F-11D3-BF4B-00C04F79EFBC}") = "GoogleAuth.UWP", "GoogleAuth\GoogleAuth.UWP\GoogleAuth.UWP.csproj", "{35D9064A-7989-4D0F-83D5-71E115E6E0D1}"
EndProject
Project("{FAE04EC0-301F-11D3-BF4B-00C04F79EFBC}") = "GoogleAuth.iOS", "GoogleAuth\GoogleAuth.iOS\GoogleAuth.iOS.csproj", "{023EE0AC-77C3-4A51-9627-DA75C0C1C21B}"
EndProject
Global
	GlobalSection(SolutionConfigurationPlatforms) = preSolution
		Ad-Hoc|Any CPU = Ad-Hoc|Any CPU
		Ad-Hoc|ARM = Ad-Hoc|ARM
		Ad-Hoc|iPhone = Ad-Hoc|iPhone
		Ad-Hoc|iPhoneSimulator = Ad-Hoc|iPhoneSimulator
		Ad-Hoc|x64 = Ad-Hoc|x64
		Ad-Hoc|x86 = Ad-Hoc|x86
		AppStore|Any CPU = AppStore|Any CPU
		AppStore|ARM = AppStore|ARM
		AppStore|iPhone = AppStore|iPhone
		AppStore|iPhoneSimulator = AppStore|iPhoneSimulator
		AppStore|x64 = AppStore|x64
		AppStore|x86 = AppStore|x86
		Debug|Any CPU = Debug|Any CPU
		Debug|ARM = Debug|ARM
		Debug|iPhone = Debug|iPhone
		Debug|iPhoneSimulator = Debug|iPhoneSimulator
		Debug|x64 = Debug|x64
		Debug|x86 = Debug|x86
		Release|Any CPU = Release|Any CPU
		Release|ARM = Release|ARM
		Release|iPhone = Release|iPhone
		Release|iPhoneSimulator = Release|iPhoneSimulator
		Release|x64 = Release|x64
		Release|x86 = Release|x86
	EndGlobalSection
	GlobalSection(ProjectConfigurationPlatforms) = postSolution
		{4609719C-BE7E-4DDC-9E07-4591F96990FC}.Ad-Hoc|Any CPU.ActiveCfg = Release|Any CPU
		{4609719C-BE7E-4DDC-9E07-4591F96990FC}.Ad-Hoc|Any CPU.Build.0 = Release|Any CPU
		{4609719C-BE7E-4DDC-9E07-4591F96990FC}.Ad-Hoc|Any CPU.Deploy.0 = Release|Any CPU
		{4609719C-BE7E-4DDC-9E07-4591F96990FC}.Ad-Hoc|ARM.ActiveCfg = Release|Any CPU
		{4609719C-BE7E-4DDC-9E07-4591F96990FC}.Ad-Hoc|ARM.Build.0 = Release|Any CPU
		{4609719C-BE7E-4DDC-9E07-4591F96990FC}.Ad-Hoc|ARM.Deploy.0 = Release|Any CPU
		{4609719C-BE7E-4DDC-9E07-4591F96990FC}.Ad-Hoc|iPhone.ActiveCfg = Release|Any CPU
		{4609719C-BE7E-4DDC-9E07-4591F96990FC}.Ad-Hoc|iPhone.Build.0 = Release|Any CPU
		{4609719C-BE7E-4DDC-9E07-4591F96990FC}.Ad-Hoc|iPhone.Deploy.0 = Release|Any CPU
		{4609719C-BE7E-4DDC-9E07-4591F96990FC}.Ad-Hoc|iPhoneSimulator.ActiveCfg = Release|Any CPU
		{4609719C-BE7E-4DDC-9E07-4591F96990FC}.Ad-Hoc|iPhoneSimulator.Build.0 = Release|Any CPU
		{4609719C-BE7E-4DDC-9E07-4591F96990FC}.Ad-Hoc|iPhoneSimulator.Deploy.0 = Release|Any CPU
		{4609719C-BE7E-4DDC-9E07-4591F96990FC}.Ad-Hoc|x64.ActiveCfg = Release|Any CPU
		{4609719C-BE7E-4DDC-9E07-4591F96990FC}.Ad-Hoc|x64.Build.0 = Release|Any CPU
		{4609719C-BE7E-4DDC-9E07-4591F96990FC}.Ad-Hoc|x64.Deploy.0 = Release|Any CPU
		{4609719C-BE7E-4DDC-9E07-4591F96990FC}.Ad-Hoc|x86.ActiveCfg = Release|Any CPU
		{4609719C-BE7E-4DDC-9E07-4591F96990FC}.Ad-Hoc|x86.Build.0 = Release|Any CPU
		{4609719C-BE7E-4DDC-9E07-4591F96990FC}.Ad-Hoc|x86.Deploy.0 = Release|Any CPU
		{4609719C-BE7E-4DDC-9E07-4591F96990FC}.AppStore|Any CPU.ActiveCfg = Release|Any CPU
		{4609719C-BE7E-4DDC-9E07-4591F96990FC}.AppStore|Any CPU.Build.0 = Release|Any CPU
		{4609719C-BE7E-4DDC-9E07-4591F96990FC}.AppStore|Any CPU.Deploy.0 = Release|Any CPU
		{4609719C-BE7E-4DDC-9E07-4591F96990FC}.AppStore|ARM.ActiveCfg = Release|Any CPU
		{4609719C-BE7E-4DDC-9E07-4591F96990FC}.AppStore|ARM.Build.0 = Release|Any CPU
		{4609719C-BE7E-4DDC-9E07-4591F96990FC}.AppStore|ARM.Deploy.0 = Release|Any CPU
		{4609719C-BE7E-4DDC-9E07-4591F96990FC}.AppStore|iPhone.ActiveCfg = Release|Any CPU
		{4609719C-BE7E-4DDC-9E07-4591F96990FC}.AppStore|iPhone.Build.0 = Release|Any CPU
		{4609719C-BE7E-4DDC-9E07-4591F96990FC}.AppStore|iPhone.Deploy.0 = Release|Any CPU
		{4609719C-BE7E-4DDC-9E07-4591F96990FC}.AppStore|iPhoneSimulator.ActiveCfg = Release|Any CPU
		{4609719C-BE7E-4DDC-9E07-4591F96990FC}.AppStore|iPhoneSimulator.Build.0 = Release|Any CPU
		{4609719C-BE7E-4DDC-9E07-4591F96990FC}.AppStore|iPhoneSimulator.Deploy.0 = Release|Any CPU
		{4609719C-BE7E-4DDC-9E07-4591F96990FC}.AppStore|x64.ActiveCfg = Release|Any CPU
		{4609719C-BE7E-4DDC-9E07-4591F96990FC}.AppStore|x64.Build.0 = Release|Any CPU
		{4609719C-BE7E-4DDC-9E07-4591F96990FC}.AppStore|x64.Deploy.0 = Release|Any CPU
		{4609719C-BE7E-4DDC-9E07-4591F96990FC}.AppStore|x86.ActiveCfg = Release|Any CPU
		{4609719C-BE7E-4DDC-9E07-4591F96990FC}.AppStore|x86.Build.0 = Release|Any CPU
		{4609719C-BE7E-4DDC-9E07-4591F96990FC}.AppStore|x86.Deploy.0 = Release|Any CPU
		{4609719C-BE7E-4DDC-9E07-4591F96990FC}.Debug|Any CPU.ActiveCfg = Debug|Any CPU
		{4609719C-BE7E-4DDC-9E07-4591F96990FC}.Debug|Any CPU.Build.0 = Debug|Any CPU
		{4609719C-BE7E-4DDC-9E07-4591F96990FC}.Debug|Any CPU.Deploy.0 = Debug|Any CPU
		{4609719C-BE7E-4DDC-9E07-4591F96990FC}.Debug|ARM.ActiveCfg = Debug|Any CPU
		{4609719C-BE7E-4DDC-9E07-4591F96990FC}.Debug|ARM.Build.0 = Debug|Any CPU
		{4609719C-BE7E-4DDC-9E07-4591F96990FC}.Debug|ARM.Deploy.0 = Debug|Any CPU
		{4609719C-BE7E-4DDC-9E07-4591F96990FC}.Debug|iPhone.ActiveCfg = Debug|Any CPU
		{4609719C-BE7E-4DDC-9E07-4591F96990FC}.Debug|iPhone.Build.0 = Debug|Any CPU
		{4609719C-BE7E-4DDC-9E07-4591F96990FC}.Debug|iPhone.Deploy.0 = Debug|Any CPU
		{4609719C-BE7E-4DDC-9E07-4591F96990FC}.Debug|iPhoneSimulator.ActiveCfg = Debug|Any CPU
		{4609719C-BE7E-4DDC-9E07-4591F96990FC}.Debug|iPhoneSimulator.Build.0 = Debug|Any CPU
		{4609719C-BE7E-4DDC-9E07-4591F96990FC}.Debug|iPhoneSimulator.Deploy.0 = Debug|Any CPU
		{4609719C-BE7E-4DDC-9E07-4591F96990FC}.Debug|x64.ActiveCfg = Debug|Any CPU
		{4609719C-BE7E-4DDC-9E07-4591F96990FC}.Debug|x64.Build.0 = Debug|Any CPU
		{4609719C-BE7E-4DDC-9E07-4591F96990FC}.Debug|x64.Deploy.0 = Debug|Any CPU
		{4609719C-BE7E-4DDC-9E07-4591F96990FC}.Debug|x86.ActiveCfg = Debug|Any CPU
		{4609719C-BE7E-4DDC-9E07-4591F96990FC}.Debug|x86.Build.0 = Debug|Any CPU
		{4609719C-BE7E-4DDC-9E07-4591F96990FC}.Debug|x86.Deploy.0 = Debug|Any CPU
		{4609719C-BE7E-4DDC-9E07-4591F96990FC}.Release|Any CPU.ActiveCfg = Release|Any CPU
		{4609719C-BE7E-4DDC-9E07-4591F96990FC}.Release|Any CPU.Build.0 = Release|Any CPU
		{4609719C-BE7E-4DDC-9E07-4591F96990FC}.Release|Any CPU.Deploy.0 = Release|Any CPU
		{4609719C-BE7E-4DDC-9E07-4591F96990FC}.Release|ARM.ActiveCfg = Release|Any CPU
		{4609719C-BE7E-4DDC-9E07-4591F96990FC}.Release|ARM.Build.0 = Release|Any CPU
		{4609719C-BE7E-4DDC-9E07-4591F96990FC}.Release|ARM.Deploy.0 = Release|Any CPU
		{4609719C-BE7E-4DDC-9E07-4591F96990FC}.Release|iPhone.ActiveCfg = Release|Any CPU
		{4609719C-BE7E-4DDC-9E07-4591F96990FC}.Release|iPhone.Build.0 = Release|Any CPU
		{4609719C-BE7E-4DDC-9E07-4591F96990FC}.Release|iPhone.Deploy.0 = Release|Any CPU
		{4609719C-BE7E-4DDC-9E07-4591F96990FC}.Release|iPhoneSimulator.ActiveCfg = Release|Any CPU
		{4609719C-BE7E-4DDC-9E07-4591F96990FC}.Release|iPhoneSimulator.Build.0 = Release|Any CPU
		{4609719C-BE7E-4DDC-9E07-4591F96990FC}.Release|iPhoneSimulator.Deploy.0 = Release|Any CPU
		{4609719C-BE7E-4DDC-9E07-4591F96990FC}.Release|x64.ActiveCfg = Release|Any CPU
		{4609719C-BE7E-4DDC-9E07-4591F96990FC}.Release|x64.Build.0 = Release|Any CPU
		{4609719C-BE7E-4DDC-9E07-4591F96990FC}.Release|x64.Deploy.0 = Release|Any CPU
		{4609719C-BE7E-4DDC-9E07-4591F96990FC}.Release|x86.ActiveCfg = Release|Any CPU
		{4609719C-BE7E-4DDC-9E07-4591F96990FC}.Release|x86.Build.0 = Release|Any CPU
		{4609719C-BE7E-4DDC-9E07-4591F96990FC}.Release|x86.Deploy.0 = Release|Any CPU
		{28F04FB2-BF01-417B-A5F8-7945C50B7848}.Ad-Hoc|Any CPU.ActiveCfg = Release|Any CPU
		{28F04FB2-BF01-417B-A5F8-7945C50B7848}.Ad-Hoc|Any CPU.Build.0 = Release|Any CPU
		{28F04FB2-BF01-417B-A5F8-7945C50B7848}.Ad-Hoc|ARM.ActiveCfg = Release|Any CPU
		{28F04FB2-BF01-417B-A5F8-7945C50B7848}.Ad-Hoc|ARM.Build.0 = Release|Any CPU
		{28F04FB2-BF01-417B-A5F8-7945C50B7848}.Ad-Hoc|iPhone.ActiveCfg = Release|Any CPU
		{28F04FB2-BF01-417B-A5F8-7945C50B7848}.Ad-Hoc|iPhone.Build.0 = Release|Any CPU
		{28F04FB2-BF01-417B-A5F8-7945C50B7848}.Ad-Hoc|iPhoneSimulator.ActiveCfg = Release|Any CPU
		{28F04FB2-BF01-417B-A5F8-7945C50B7848}.Ad-Hoc|iPhoneSimulator.Build.0 = Release|Any CPU
		{28F04FB2-BF01-417B-A5F8-7945C50B7848}.Ad-Hoc|x64.ActiveCfg = Release|Any CPU
		{28F04FB2-BF01-417B-A5F8-7945C50B7848}.Ad-Hoc|x64.Build.0 = Release|Any CPU
		{28F04FB2-BF01-417B-A5F8-7945C50B7848}.Ad-Hoc|x86.ActiveCfg = Release|Any CPU
		{28F04FB2-BF01-417B-A5F8-7945C50B7848}.Ad-Hoc|x86.Build.0 = Release|Any CPU
		{28F04FB2-BF01-417B-A5F8-7945C50B7848}.AppStore|Any CPU.ActiveCfg = Release|Any CPU
		{28F04FB2-BF01-417B-A5F8-7945C50B7848}.AppStore|Any CPU.Build.0 = Release|Any CPU
		{28F04FB2-BF01-417B-A5F8-7945C50B7848}.AppStore|ARM.ActiveCfg = Release|Any CPU
		{28F04FB2-BF01-417B-A5F8-7945C50B7848}.AppStore|ARM.Build.0 = Release|Any CPU
		{28F04FB2-BF01-417B-A5F8-7945C50B7848}.AppStore|iPhone.ActiveCfg = Release|Any CPU
		{28F04FB2-BF01-417B-A5F8-7945C50B7848}.AppStore|iPhone.Build.0 = Release|Any CPU
		{28F04FB2-BF01-417B-A5F8-7945C50B7848}.AppStore|iPhoneSimulator.ActiveCfg = Release|Any CPU
		{28F04FB2-BF01-417B-A5F8-7945C50B7848}.AppStore|iPhoneSimulator.Build.0 = Release|Any CPU
		{28F04FB2-BF01-417B-A5F8-7945C50B7848}.AppStore|x64.ActiveCfg = Release|Any CPU
		{28F04FB2-BF01-417B-A5F8-7945C50B7848}.AppStore|x64.Build.0 = Release|Any CPU
		{28F04FB2-BF01-417B-A5F8-7945C50B7848}.AppStore|x86.ActiveCfg = Release|Any CPU
		{28F04FB2-BF01-417B-A5F8-7945C50B7848}.AppStore|x86.Build.0 = Release|Any CPU
		{28F04FB2-BF01-417B-A5F8-7945C50B7848}.Debug|Any CPU.ActiveCfg = Debug|Any CPU
		{28F04FB2-BF01-417B-A5F8-7945C50B7848}.Debug|Any CPU.Build.0 = Debug|Any CPU
		{28F04FB2-BF01-417B-A5F8-7945C50B7848}.Debug|ARM.ActiveCfg = Debug|Any CPU
		{28F04FB2-BF01-417B-A5F8-7945C50B7848}.Debug|ARM.Build.0 = Debug|Any CPU
		{28F04FB2-BF01-417B-A5F8-7945C50B7848}.Debug|iPhone.ActiveCfg = Debug|Any CPU
		{28F04FB2-BF01-417B-A5F8-7945C50B7848}.Debug|iPhone.Build.0 = Debug|Any CPU
		{28F04FB2-BF01-417B-A5F8-7945C50B7848}.Debug|iPhoneSimulator.ActiveCfg = Debug|Any CPU
		{28F04FB2-BF01-417B-A5F8-7945C50B7848}.Debug|iPhoneSimulator.Build.0 = Debug|Any CPU
		{28F04FB2-BF01-417B-A5F8-7945C50B7848}.Debug|x64.ActiveCfg = Debug|Any CPU
		{28F04FB2-BF01-417B-A5F8-7945C50B7848}.Debug|x64.Build.0 = Debug|Any CPU
		{28F04FB2-BF01-417B-A5F8-7945C50B7848}.Debug|x86.ActiveCfg = Debug|Any CPU
		{28F04FB2-BF01-417B-A5F8-7945C50B7848}.Debug|x86.Build.0 = Debug|Any CPU
		{28F04FB2-BF01-417B-A5F8-7945C50B7848}.Release|Any CPU.ActiveCfg = Release|Any CPU
		{28F04FB2-BF01-417B-A5F8-7945C50B7848}.Release|Any CPU.Build.0 = Release|Any CPU
		{28F04FB2-BF01-417B-A5F8-7945C50B7848}.Release|ARM.ActiveCfg = Release|Any CPU
		{28F04FB2-BF01-417B-A5F8-7945C50B7848}.Release|ARM.Build.0 = Release|Any CPU
		{28F04FB2-BF01-417B-A5F8-7945C50B7848}.Release|iPhone.ActiveCfg = Release|Any CPU
		{28F04FB2-BF01-417B-A5F8-7945C50B7848}.Release|iPhone.Build.0 = Release|Any CPU
		{28F04FB2-BF01-417B-A5F8-7945C50B7848}.Release|iPhoneSimulator.ActiveCfg = Release|Any CPU
		{28F04FB2-BF01-417B-A5F8-7945C50B7848}.Release|iPhoneSimulator.Build.0 = Release|Any CPU
		{28F04FB2-BF01-417B-A5F8-7945C50B7848}.Release|x64.ActiveCfg = Release|Any CPU
		{28F04FB2-BF01-417B-A5F8-7945C50B7848}.Release|x64.Build.0 = Release|Any CPU
		{28F04FB2-BF01-417B-A5F8-7945C50B7848}.Release|x86.ActiveCfg = Release|Any CPU
		{28F04FB2-BF01-417B-A5F8-7945C50B7848}.Release|x86.Build.0 = Release|Any CPU
		{35D9064A-7989-4D0F-83D5-71E115E6E0D1}.Ad-Hoc|Any CPU.ActiveCfg = Release|x86
		{35D9064A-7989-4D0F-83D5-71E115E6E0D1}.Ad-Hoc|Any CPU.Build.0 = Release|x86
		{35D9064A-7989-4D0F-83D5-71E115E6E0D1}.Ad-Hoc|Any CPU.Deploy.0 = Release|x86
		{35D9064A-7989-4D0F-83D5-71E115E6E0D1}.Ad-Hoc|ARM.ActiveCfg = Release|ARM
		{35D9064A-7989-4D0F-83D5-71E115E6E0D1}.Ad-Hoc|ARM.Build.0 = Release|ARM
		{35D9064A-7989-4D0F-83D5-71E115E6E0D1}.Ad-Hoc|ARM.Deploy.0 = Release|ARM
		{35D9064A-7989-4D0F-83D5-71E115E6E0D1}.Ad-Hoc|iPhone.ActiveCfg = Release|x86
		{35D9064A-7989-4D0F-83D5-71E115E6E0D1}.Ad-Hoc|iPhone.Build.0 = Release|x86
		{35D9064A-7989-4D0F-83D5-71E115E6E0D1}.Ad-Hoc|iPhone.Deploy.0 = Release|x86
		{35D9064A-7989-4D0F-83D5-71E115E6E0D1}.Ad-Hoc|iPhoneSimulator.ActiveCfg = Release|x86
		{35D9064A-7989-4D0F-83D5-71E115E6E0D1}.Ad-Hoc|iPhoneSimulator.Build.0 = Release|x86
		{35D9064A-7989-4D0F-83D5-71E115E6E0D1}.Ad-Hoc|iPhoneSimulator.Deploy.0 = Release|x86
		{35D9064A-7989-4D0F-83D5-71E115E6E0D1}.Ad-Hoc|x64.ActiveCfg = Release|x64
		{35D9064A-7989-4D0F-83D5-71E115E6E0D1}.Ad-Hoc|x64.Build.0 = Release|x64
		{35D9064A-7989-4D0F-83D5-71E115E6E0D1}.Ad-Hoc|x64.Deploy.0 = Release|x64
		{35D9064A-7989-4D0F-83D5-71E115E6E0D1}.Ad-Hoc|x86.ActiveCfg = Release|x86
		{35D9064A-7989-4D0F-83D5-71E115E6E0D1}.Ad-Hoc|x86.Build.0 = Release|x86
		{35D9064A-7989-4D0F-83D5-71E115E6E0D1}.Ad-Hoc|x86.Deploy.0 = Release|x86
		{35D9064A-7989-4D0F-83D5-71E115E6E0D1}.AppStore|Any CPU.ActiveCfg = Release|x86
		{35D9064A-7989-4D0F-83D5-71E115E6E0D1}.AppStore|Any CPU.Build.0 = Release|x86
		{35D9064A-7989-4D0F-83D5-71E115E6E0D1}.AppStore|Any CPU.Deploy.0 = Release|x86
		{35D9064A-7989-4D0F-83D5-71E115E6E0D1}.AppStore|ARM.ActiveCfg = Release|ARM
		{35D9064A-7989-4D0F-83D5-71E115E6E0D1}.AppStore|ARM.Build.0 = Release|ARM
		{35D9064A-7989-4D0F-83D5-71E115E6E0D1}.AppStore|ARM.Deploy.0 = Release|ARM
		{35D9064A-7989-4D0F-83D5-71E115E6E0D1}.AppStore|iPhone.ActiveCfg = Release|x86
		{35D9064A-7989-4D0F-83D5-71E115E6E0D1}.AppStore|iPhone.Build.0 = Release|x86
		{35D9064A-7989-4D0F-83D5-71E115E6E0D1}.AppStore|iPhone.Deploy.0 = Release|x86
		{35D9064A-7989-4D0F-83D5-71E115E6E0D1}.AppStore|iPhoneSimulator.ActiveCfg = Release|x86
		{35D9064A-7989-4D0F-83D5-71E115E6E0D1}.AppStore|iPhoneSimulator.Build.0 = Release|x86
		{35D9064A-7989-4D0F-83D5-71E115E6E0D1}.AppStore|iPhoneSimulator.Deploy.0 = Release|x86
		{35D9064A-7989-4D0F-83D5-71E115E6E0D1}.AppStore|x64.ActiveCfg = Release|x64
		{35D9064A-7989-4D0F-83D5-71E115E6E0D1}.AppStore|x64.Build.0 = Release|x64
		{35D9064A-7989-4D0F-83D5-71E115E6E0D1}.AppStore|x64.Deploy.0 = Release|x64
		{35D9064A-7989-4D0F-83D5-71E115E6E0D1}.AppStore|x86.ActiveCfg = Release|x86
		{35D9064A-7989-4D0F-83D5-71E115E6E0D1}.AppStore|x86.Build.0 = Release|x86
		{35D9064A-7989-4D0F-83D5-71E115E6E0D1}.AppStore|x86.Deploy.0 = Release|x86
		{35D9064A-7989-4D0F-83D5-71E115E6E0D1}.Debug|Any CPU.ActiveCfg = Debug|x86
		{35D9064A-7989-4D0F-83D5-71E115E6E0D1}.Debug|ARM.ActiveCfg = Debug|ARM
		{35D9064A-7989-4D0F-83D5-71E115E6E0D1}.Debug|ARM.Build.0 = Debug|ARM
		{35D9064A-7989-4D0F-83D5-71E115E6E0D1}.Debug|ARM.Deploy.0 = Debug|ARM
		{35D9064A-7989-4D0F-83D5-71E115E6E0D1}.Debug|iPhone.ActiveCfg = Debug|x86
		{35D9064A-7989-4D0F-83D5-71E115E6E0D1}.Debug|iPhoneSimulator.ActiveCfg = Debug|x86
		{35D9064A-7989-4D0F-83D5-71E115E6E0D1}.Debug|x64.ActiveCfg = Debug|x64
		{35D9064A-7989-4D0F-83D5-71E115E6E0D1}.Debug|x64.Build.0 = Debug|x64
		{35D9064A-7989-4D0F-83D5-71E115E6E0D1}.Debug|x64.Deploy.0 = Debug|x64
		{35D9064A-7989-4D0F-83D5-71E115E6E0D1}.Debug|x86.ActiveCfg = Debug|x86
		{35D9064A-7989-4D0F-83D5-71E115E6E0D1}.Debug|x86.Build.0 = Debug|x86
		{35D9064A-7989-4D0F-83D5-71E115E6E0D1}.Debug|x86.Deploy.0 = Debug|x86
		{35D9064A-7989-4D0F-83D5-71E115E6E0D1}.Release|Any CPU.ActiveCfg = Release|x86
		{35D9064A-7989-4D0F-83D5-71E115E6E0D1}.Release|ARM.ActiveCfg = Release|ARM
		{35D9064A-7989-4D0F-83D5-71E115E6E0D1}.Release|ARM.Build.0 = Release|ARM
		{35D9064A-7989-4D0F-83D5-71E115E6E0D1}.Release|ARM.Deploy.0 = Release|ARM
		{35D9064A-7989-4D0F-83D5-71E115E6E0D1}.Release|iPhone.ActiveCfg = Release|x86
		{35D9064A-7989-4D0F-83D5-71E115E6E0D1}.Release|iPhoneSimulator.ActiveCfg = Release|x86
		{35D9064A-7989-4D0F-83D5-71E115E6E0D1}.Release|x64.ActiveCfg = Release|x64
		{35D9064A-7989-4D0F-83D5-71E115E6E0D1}.Release|x64.Build.0 = Release|x64
		{35D9064A-7989-4D0F-83D5-71E115E6E0D1}.Release|x64.Deploy.0 = Release|x64
		{35D9064A-7989-4D0F-83D5-71E115E6E0D1}.Release|x86.ActiveCfg = Release|x86
		{35D9064A-7989-4D0F-83D5-71E115E6E0D1}.Release|x86.Build.0 = Release|x86
		{35D9064A-7989-4D0F-83D5-71E115E6E0D1}.Release|x86.Deploy.0 = Release|x86
		{023EE0AC-77C3-4A51-9627-DA75C0C1C21B}.Ad-Hoc|Any CPU.ActiveCfg = Ad-Hoc|iPhone
		{023EE0AC-77C3-4A51-9627-DA75C0C1C21B}.Ad-Hoc|ARM.ActiveCfg = Ad-Hoc|iPhone
		{023EE0AC-77C3-4A51-9627-DA75C0C1C21B}.Ad-Hoc|iPhone.ActiveCfg = Ad-Hoc|iPhone
		{023EE0AC-77C3-4A51-9627-DA75C0C1C21B}.Ad-Hoc|iPhone.Build.0 = Ad-Hoc|iPhone
		{023EE0AC-77C3-4A51-9627-DA75C0C1C21B}.Ad-Hoc|iPhoneSimulator.ActiveCfg = Ad-Hoc|iPhoneSimulator
		{023EE0AC-77C3-4A51-9627-DA75C0C1C21B}.Ad-Hoc|iPhoneSimulator.Build.0 = Ad-Hoc|iPhoneSimulator
		{023EE0AC-77C3-4A51-9627-DA75C0C1C21B}.Ad-Hoc|x64.ActiveCfg = Ad-Hoc|iPhone
		{023EE0AC-77C3-4A51-9627-DA75C0C1C21B}.Ad-Hoc|x86.ActiveCfg = Ad-Hoc|iPhone
		{023EE0AC-77C3-4A51-9627-DA75C0C1C21B}.AppStore|Any CPU.ActiveCfg = AppStore|iPhone
		{023EE0AC-77C3-4A51-9627-DA75C0C1C21B}.AppStore|ARM.ActiveCfg = AppStore|iPhone
		{023EE0AC-77C3-4A51-9627-DA75C0C1C21B}.AppStore|iPhone.ActiveCfg = AppStore|iPhone
		{023EE0AC-77C3-4A51-9627-DA75C0C1C21B}.AppStore|iPhone.Build.0 = AppStore|iPhone
		{023EE0AC-77C3-4A51-9627-DA75C0C1C21B}.AppStore|iPhoneSimulator.ActiveCfg = AppStore|iPhoneSimulator
		{023EE0AC-77C3-4A51-9627-DA75C0C1C21B}.AppStore|iPhoneSimulator.Build.0 = AppStore|iPhoneSimulator
		{023EE0AC-77C3-4A51-9627-DA75C0C1C21B}.AppStore|x64.ActiveCfg = AppStore|iPhone
		{023EE0AC-77C3-4A51-9627-DA75C0C1C21B}.AppStore|x86.ActiveCfg = AppStore|iPhone
		{023EE0AC-77C3-4A51-9627-DA75C0C1C21B}.Debug|Any CPU.ActiveCfg = Debug|iPhone
		{023EE0AC-77C3-4A51-9627-DA75C0C1C21B}.Debug|ARM.ActiveCfg = Debug|iPhone
		{023EE0AC-77C3-4A51-9627-DA75C0C1C21B}.Debug|iPhone.ActiveCfg = Debug|iPhone
		{023EE0AC-77C3-4A51-9627-DA75C0C1C21B}.Debug|iPhone.Build.0 = Debug|iPhone
		{023EE0AC-77C3-4A51-9627-DA75C0C1C21B}.Debug|iPhoneSimulator.ActiveCfg = Debug|iPhoneSimulator
		{023EE0AC-77C3-4A51-9627-DA75C0C1C21B}.Debug|iPhoneSimulator.Build.0 = Debug|iPhoneSimulator
		{023EE0AC-77C3-4A51-9627-DA75C0C1C21B}.Debug|x64.ActiveCfg = Debug|iPhone
		{023EE0AC-77C3-4A51-9627-DA75C0C1C21B}.Debug|x86.ActiveCfg = Debug|iPhone
		{023EE0AC-77C3-4A51-9627-DA75C0C1C21B}.Release|Any CPU.ActiveCfg = Release|iPhone
		{023EE0AC-77C3-4A51-9627-DA75C0C1C21B}.Release|ARM.ActiveCfg = Release|iPhone
		{023EE0AC-77C3-4A51-9627-DA75C0C1C21B}.Release|iPhone.ActiveCfg = Release|iPhone
		{023EE0AC-77C3-4A51-9627-DA75C0C1C21B}.Release|iPhone.Build.0 = Release|iPhone
		{023EE0AC-77C3-4A51-9627-DA75C0C1C21B}.Release|iPhoneSimulator.ActiveCfg = Release|iPhoneSimulator
		{023EE0AC-77C3-4A51-9627-DA75C0C1C21B}.Release|iPhoneSimulator.Build.0 = Release|iPhoneSimulator
		{023EE0AC-77C3-4A51-9627-DA75C0C1C21B}.Release|x64.ActiveCfg = Release|iPhone
		{023EE0AC-77C3-4A51-9627-DA75C0C1C21B}.Release|x86.ActiveCfg = Release|iPhone
	EndGlobalSection
	GlobalSection(SolutionProperties) = preSolution
		HideSolutionNode = FALSE
	EndGlobalSection
EndGlobal
